<Solution>
  <Folder Name="/docs/">
    <File Path="1_Plan_Maestro.md" />
    <File Path="2_Historias_Usuario_M1.md" />
    <File Path="3_Estandares_Git_y_Codigo.md" />
    <File Path="Manual_Estandares_Codigo_Arquitectura_SGC_AntonioAnte.md" />
  </Folder>
  <Folder Name="/docs/M1_Seguridad/">
    <File Path="Arquitectura_Solucion_SGC_M1.md" />
    <File Path="Manual_Seguridad_M1_v1.md" />
    <File Path="Manual_Seguridad_M1_v2.md" />
    <File Path="PENDIENTE_POLITICAS_AUTORIZACION.md" />
  </Folder>
  <Folder Name="/src/">
    <Project Path="SGC.AntonioAnte.API/SGC.AntonioAnte.API.csproj" Id="b5fe65c6-86b6-4bc4-a8c7-823418a27c93" />
    <Project Path="SGC.AntonioAnte.Application/SGC.AntonioAnte.Application.csproj" Id="469a5d98-36c6-4337-b216-449240e9095c" />
    <Project Path="SGC.AntonioAnte.Client/SGC.AntonioAnte.Client.csproj" Id="92a36f42-e669-47be-a586-b1575338f115" />
    <Project Path="SGC.AntonioAnte.Domain/SGC.AntonioAnte.Domain.csproj" Id="2db4c61e-4557-4d97-8cbb-72051d73842e" />
    <Project Path="SGC.AntonioAnte.Infrastructure/SGC.AntonioAnte.Infrastructure.csproj" Id="e8e57c75-302f-46a3-a60d-ca1a5efa6e95" />
    <Project Path="SGC.AntonioAnte.Shared/SGC.AntonioAnte.Shared.csproj" Id="905fae62-1780-4aa8-b3d6-70be137775f7" />
  </Folder>
</Solution>
